
Microsoft Visual Studio Solution File, Format Version 12.00
# Visual Studio Version 17
VisualStudioVersion = 17.12.35514.174
MinimumVisualStudioVersion = 10.0.40219.1
Project("{FAE04EC0-301F-11D3-BF4B-00C04F79EFBC}") = "pdf2acad", "pdf2acad\pdf2acad.csproj", "{20B8D3C9-A27B-42B6-966E-E1CAEA35FDDF}"
EndProject
Project("{FAE04EC0-301F-11D3-BF4B-00C04F79EFBC}") = "pdf2revit", "pdf2revit\pdf2revit.csproj", "{C16CAE83-310C-4D2F-A64A-75FD98D69B00}"
EndProject
Project("{FAE04EC0-301F-11D3-BF4B-00C04F79EFBC}") = "pdf2cad.Core", "pdf2cad.Core\pdf2cad.Core.csproj", "{2C367C68-2E78-480F-A642-0EF36AFAE4EF}"
EndProject
Project("{FAE04EC0-301F-11D3-BF4B-00C04F79EFBC}") = "pdf2svg", "pdf2svg\pdf2svg.csproj", "{946304A1-A887-4E44-A02E-C0446CF82723}"
EndProject
Global
	GlobalSection(SolutionConfigurationPlatforms) = preSolution
		Debug|Any CPU = Debug|Any CPU
		Release|Any CPU = Release|Any CPU
	EndGlobalSection
	GlobalSection(ProjectConfigurationPlatforms) = postSolution
		{20B8D3C9-A27B-42B6-966E-E1CAEA35FDDF}.Debug|Any CPU.ActiveCfg = Debug|Any CPU
		{20B8D3C9-A27B-42B6-966E-E1CAEA35FDDF}.Debug|Any CPU.Build.0 = Debug|Any CPU
		{20B8D3C9-A27B-42B6-966E-E1CAEA35FDDF}.Release|Any CPU.ActiveCfg = Release|Any CPU
		{20B8D3C9-A27B-42B6-966E-E1CAEA35FDDF}.Release|Any CPU.Build.0 = Release|Any CPU
		{C16CAE83-310C-4D2F-A64A-75FD98D69B00}.Debug|Any CPU.ActiveCfg = Debug|Any CPU
		{C16CAE83-310C-4D2F-A64A-75FD98D69B00}.Debug|Any CPU.Build.0 = Debug|Any CPU
		{C16CAE83-310C-4D2F-A64A-75FD98D69B00}.Release|Any CPU.ActiveCfg = Release|Any CPU
		{C16CAE83-310C-4D2F-A64A-75FD98D69B00}.Release|Any CPU.Build.0 = Release|Any CPU
		{2C367C68-2E78-480F-A642-0EF36AFAE4EF}.Debug|Any CPU.ActiveCfg = Debug|Any CPU
		{2C367C68-2E78-480F-A642-0EF36AFAE4EF}.Debug|Any CPU.Build.0 = Debug|Any CPU
		{2C367C68-2E78-480F-A642-0EF36AFAE4EF}.Release|Any CPU.ActiveCfg = Release|Any CPU
		{2C367C68-2E78-480F-A642-0EF36AFAE4EF}.Release|Any CPU.Build.0 = Release|Any CPU
		{946304A1-A887-4E44-A02E-C0446CF82723}.Debug|Any CPU.ActiveCfg = Debug|Any CPU
		{946304A1-A887-4E44-A02E-C0446CF82723}.Debug|Any CPU.Build.0 = Debug|Any CPU
		{946304A1-A887-4E44-A02E-C0446CF82723}.Release|Any CPU.ActiveCfg = Release|Any CPU
		{946304A1-A887-4E44-A02E-C0446CF82723}.Release|Any CPU.Build.0 = Release|Any CPU
	EndGlobalSection
	GlobalSection(SolutionProperties) = preSolution
		HideSolutionNode = FALSE
	EndGlobalSection
EndGlobal
